
Microsoft Visual Studio Solution File, Format Version 12.00
# Visual Studio Version 17
VisualStudioVersion = 17.14.36518.9 d17.14
MinimumVisualStudioVersion = 10.0.40219.1
Project("{FAE04EC0-301F-11D3-BF4B-00C04F79EFBC}") = "Ejerciciosdeia", "Ejerciciosdeia\Ejerciciosdeia.csproj", "{670AE4EB-B090-4933-9136-3DD3E00EDF07}"
EndProject
Global
	GlobalSection(SolutionConfigurationPlatforms) = preSolution
		Debug|Any CPU = Debug|Any CPU
		Release|Any CPU = Release|Any CPU
	EndGlobalSection
	GlobalSection(ProjectConfigurationPlatforms) = postSolution
		{670AE4EB-B090-4933-9136-3DD3E00EDF07}.Debug|Any CPU.ActiveCfg = Debug|Any CPU
		{670AE4EB-B090-4933-9136-3DD3E00EDF07}.Debug|Any CPU.Build.0 = Debug|Any CPU
		{670AE4EB-B090-4933-9136-3DD3E00EDF07}.Release|Any CPU.ActiveCfg = Release|Any CPU
		{670AE4EB-B090-4933-9136-3DD3E00EDF07}.Release|Any CPU.Build.0 = Release|Any CPU
	EndGlobalSection
	GlobalSection(SolutionProperties) = preSolution
		HideSolutionNode = FALSE
	EndGlobalSection
	GlobalSection(ExtensibilityGlobals) = postSolution
		SolutionGuid = {83C6CD62-841A-463A-856D-03FF7528BCDC}
	EndGlobalSection
EndGlobal
